
Microsoft Visual Studio Solution File, Format Version 12.00
# Visual Studio Version 16
VisualStudioVersion = 16.0.31515.178
MinimumVisualStudioVersion = 10.0.40219.1
Project("{FAE04EC0-301F-11D3-BF4B-00C04F79EFBC}") = "AppModel", "AppModel\AppModel.csproj", "{686CA3B4-2142-46F5-8B48-4872B13285FC}"
EndProject
Global
	GlobalSection(SolutionConfigurationPlatforms) = preSolution
		Debug|Any CPU = Debug|Any CPU
		Release|Any CPU = Release|Any CPU
	EndGlobalSection
	GlobalSection(ProjectConfigurationPlatforms) = postSolution
		{686CA3B4-2142-46F5-8B48-4872B13285FC}.Debug|Any CPU.ActiveCfg = Debug|Any CPU
		{686CA3B4-2142-46F5-8B48-4872B13285FC}.Debug|Any CPU.Build.0 = Debug|Any CPU
		{686CA3B4-2142-46F5-8B48-4872B13285FC}.Release|Any CPU.ActiveCfg = Release|Any CPU
		{686CA3B4-2142-46F5-8B48-4872B13285FC}.Release|Any CPU.Build.0 = Release|Any CPU
	EndGlobalSection
	GlobalSection(SolutionProperties) = preSolution
		HideSolutionNode = FALSE
	EndGlobalSection
	GlobalSection(ExtensibilityGlobals) = postSolution
		SolutionGuid = {5B41542D-4F81-4953-8A20-F2025384CACA}
	EndGlobalSection
EndGlobal
